github.com/mdigger/goldmark-attributes v0.0.0-20210529130523-52da21a6bf2b h1:b7OaN0oQFTn5bhUhbNVA7q82fF5hnzNFhuYKDqJ78Ag=
github.com/mdigger/goldmark-attributes v0.0.0-20210529130523-52da21a6bf2b/go.mod h1:9c4hA7YdGQGp2KDiT149eXUg8Y6kFZNPo6hSBS68zV0=
github.com/mdigger/goldmark-lineblocks v0.0.0-20210607112808-0ace3aa9a7d3 h1:l9zG/Y6Ce1Ge78KG94ZhZA8cE5yIo2UN37sv3yFGocI=
github.com/mdigger/goldmark-lineblocks v0.0.0-20210607112808-0ace3aa9a7d3/go.mod h1:FFIXm9N+OYeUzXLbjDj/v+caHaR9Acba7wvU5icSINw=
github.com/yuin/goldmark v1.3.7 h1:NSaHgaeJFCtWXCBkBKXw0rhgMuJ0VoE9FB5mWldcrQ4=
github.com/yuin/goldmark v1.3.7/go.mod h1:mwnBkeHKe2W/ZEtQ+71ViKU8L12m81fl3OWwC1Zlc8k=
gopkg.in/check.v1 v0.0.0-20161208181325-20d25e280405 h1:yhCVgyC4o1eVCa2tZl7eS0r+SDo693bJlVdllGtEeKM=
gopkg.in/check.v1 v0.0.0-20161208181325-20d25e280405/go.mod h1:Co6ibVJAznAaIkqp8huTwlJQCZ016jof/cbN4VW5Yz0=
gopkg.in/yaml.v3 v3.0.0 h1:hjy8E9ON/egN1tAYqKb61G10WtihqetD4sz2H+8nIeA=
gopkg.in/yaml.v3 v3.0.0/go.mod h1:K4uyk7z7BCEPqu6E+C64Yfv1cQ7kz7rIZviUmN+EgEM=
